
Microsoft Visual Studio Solution File, Format Version 12.00
# Visual Studio Version 17
VisualStudioVersion = 17.1.32328.378
MinimumVisualStudioVersion = 10.0.40219.1
Project("{FAE04EC0-301F-11D3-BF4B-00C04F79EFBC}") = "Ass-2", "Ass-2\Ass-2.csproj", "{35B5EC94-786C-46AF-96A5-C7EF383F3880}"
EndProject
Global
	GlobalSection(SolutionConfigurationPlatforms) = preSolution
		Debug|Any CPU = Debug|Any CPU
		Release|Any CPU = Release|Any CPU
	EndGlobalSection
	GlobalSection(ProjectConfigurationPlatforms) = postSolution
		{35B5EC94-786C-46AF-96A5-C7EF383F3880}.Debug|Any CPU.ActiveCfg = Debug|Any CPU
		{35B5EC94-786C-46AF-96A5-C7EF383F3880}.Debug|Any CPU.Build.0 = Debug|Any CPU
		{35B5EC94-786C-46AF-96A5-C7EF383F3880}.Release|Any CPU.ActiveCfg = Release|Any CPU
		{35B5EC94-786C-46AF-96A5-C7EF383F3880}.Release|Any CPU.Build.0 = Release|Any CPU
	EndGlobalSection
	GlobalSection(SolutionProperties) = preSolution
		HideSolutionNode = FALSE
	EndGlobalSection
	GlobalSection(ExtensibilityGlobals) = postSolution
		SolutionGuid = {B6AC5958-9D14-48C6-AA72-59AA89C212DE}
	EndGlobalSection
EndGlobal
